
Microsoft Visual Studio Solution File, Format Version 12.00
# Visual Studio Version 17
VisualStudioVersion = 17.5.33502.453
MinimumVisualStudioVersion = 10.0.40219.1
Project("{FAE04EC0-301F-11D3-BF4B-00C04F79EFBC}") = "NetFix", "NetFix\NetFix.csproj", "{BD1BE02C-22DE-4E24-A54C-46F9BB8B25FE}"
EndProject
Global
	GlobalSection(SolutionConfigurationPlatforms) = preSolution
		Debug|Any CPU = Debug|Any CPU
		Release|Any CPU = Release|Any CPU
	EndGlobalSection
	GlobalSection(ProjectConfigurationPlatforms) = postSolution
		{BD1BE02C-22DE-4E24-A54C-46F9BB8B25FE}.Debug|Any CPU.ActiveCfg = Debug|Any CPU
		{BD1BE02C-22DE-4E24-A54C-46F9BB8B25FE}.Debug|Any CPU.Build.0 = Debug|Any CPU
		{BD1BE02C-22DE-4E24-A54C-46F9BB8B25FE}.Release|Any CPU.ActiveCfg = Release|Any CPU
		{BD1BE02C-22DE-4E24-A54C-46F9BB8B25FE}.Release|Any CPU.Build.0 = Release|Any CPU
	EndGlobalSection
	GlobalSection(SolutionProperties) = preSolution
		HideSolutionNode = FALSE
	EndGlobalSection
	GlobalSection(ExtensibilityGlobals) = postSolution
		SolutionGuid = {8D9E07AD-AED7-4B53-8AC6-1E9626110DE5}
	EndGlobalSection
EndGlobal
